
Microsoft Visual Studio Solution File, Format Version 12.00
# Visual Studio 15
VisualStudioVersion = 15.0.26730.15
MinimumVisualStudioVersion = 10.0.40219.1
Project("{FAE04EC0-301F-11D3-BF4B-00C04F79EFBC}") = "WindowsFormsTest", "WindowsFormsTest\WindowsFormsTest.csproj", "{D99F149A-13A6-4BF6-9391-DED3895812F7}"
EndProject
Project("{2150E333-8FDC-42A3-9474-1A3956D46DE8}") = "Components", "Components", "{9DCCA652-DFC5-4079-97A4-96E259E21CF3}"
EndProject
Project("{FAE04EC0-301F-11D3-BF4B-00C04F79EFBC}") = "ComponentsLibrary", "ComponentsLibrary\ComponentsLibrary.csproj", "{73F36C2A-BE43-4DCF-B7EC-889BCD3BB2DF}"
EndProject
Project("{FAE04EC0-301F-11D3-BF4B-00C04F79EFBC}") = "TestConsole", "TestConsole\TestConsole.csproj", "{B75C30FE-0F65-4A7F-964F-8A2107B8E004}"
EndProject
Global
	GlobalSection(SolutionConfigurationPlatforms) = preSolution
		Debug|Any CPU = Debug|Any CPU
		Debug|ARM = Debug|ARM
		Debug|x64 = Debug|x64
		Debug|x86 = Debug|x86
		Release|Any CPU = Release|Any CPU
		Release|ARM = Release|ARM
		Release|x64 = Release|x64
		Release|x86 = Release|x86
	EndGlobalSection
	GlobalSection(ProjectConfigurationPlatforms) = postSolution
		{D99F149A-13A6-4BF6-9391-DED3895812F7}.Debug|Any CPU.ActiveCfg = Debug|Any CPU
		{D99F149A-13A6-4BF6-9391-DED3895812F7}.Debug|Any CPU.Build.0 = Debug|Any CPU
		{D99F149A-13A6-4BF6-9391-DED3895812F7}.Debug|ARM.ActiveCfg = Debug|Any CPU
		{D99F149A-13A6-4BF6-9391-DED3895812F7}.Debug|ARM.Build.0 = Debug|Any CPU
		{D99F149A-13A6-4BF6-9391-DED3895812F7}.Debug|x64.ActiveCfg = Debug|Any CPU
		{D99F149A-13A6-4BF6-9391-DED3895812F7}.Debug|x64.Build.0 = Debug|Any CPU
		{D99F149A-13A6-4BF6-9391-DED3895812F7}.Debug|x86.ActiveCfg = Debug|Any CPU
		{D99F149A-13A6-4BF6-9391-DED3895812F7}.Debug|x86.Build.0 = Debug|Any CPU
		{D99F149A-13A6-4BF6-9391-DED3895812F7}.Release|Any CPU.ActiveCfg = Release|Any CPU
		{D99F149A-13A6-4BF6-9391-DED3895812F7}.Release|Any CPU.Build.0 = Release|Any CPU
		{D99F149A-13A6-4BF6-9391-DED3895812F7}.Release|ARM.ActiveCfg = Release|Any CPU
		{D99F149A-13A6-4BF6-9391-DED3895812F7}.Release|ARM.Build.0 = Release|Any CPU
		{D99F149A-13A6-4BF6-9391-DED3895812F7}.Release|x64.ActiveCfg = Release|Any CPU
		{D99F149A-13A6-4BF6-9391-DED3895812F7}.Release|x64.Build.0 = Release|Any CPU
		{D99F149A-13A6-4BF6-9391-DED3895812F7}.Release|x86.ActiveCfg = Release|Any CPU
		{D99F149A-13A6-4BF6-9391-DED3895812F7}.Release|x86.Build.0 = Release|Any CPU
		{73F36C2A-BE43-4DCF-B7EC-889BCD3BB2DF}.Debug|Any CPU.ActiveCfg = Debug|Any CPU
		{73F36C2A-BE43-4DCF-B7EC-889BCD3BB2DF}.Debug|Any CPU.Build.0 = Debug|Any CPU
		{73F36C2A-BE43-4DCF-B7EC-889BCD3BB2DF}.Debug|ARM.ActiveCfg = Debug|Any CPU
		{73F36C2A-BE43-4DCF-B7EC-889BCD3BB2DF}.Debug|ARM.Build.0 = Debug|Any CPU
		{73F36C2A-BE43-4DCF-B7EC-889BCD3BB2DF}.Debug|x64.ActiveCfg = Debug|Any CPU
		{73F36C2A-BE43-4DCF-B7EC-889BCD3BB2DF}.Debug|x64.Build.0 = Debug|Any CPU
		{73F36C2A-BE43-4DCF-B7EC-889BCD3BB2DF}.Debug|x86.ActiveCfg = Debug|Any CPU
		{73F36C2A-BE43-4DCF-B7EC-889BCD3BB2DF}.Debug|x86.Build.0 = Debug|Any CPU
		{73F36C2A-BE43-4DCF-B7EC-889BCD3BB2DF}.Release|Any CPU.ActiveCfg = Release|Any CPU
		{73F36C2A-BE43-4DCF-B7EC-889BCD3BB2DF}.Release|Any CPU.Build.0 = Release|Any CPU
		{73F36C2A-BE43-4DCF-B7EC-889BCD3BB2DF}.Release|ARM.ActiveCfg = Release|Any CPU
		{73F36C2A-BE43-4DCF-B7EC-889BCD3BB2DF}.Release|ARM.Build.0 = Release|Any CPU
		{73F36C2A-BE43-4DCF-B7EC-889BCD3BB2DF}.Release|x64.ActiveCfg = Release|Any CPU
		{73F36C2A-BE43-4DCF-B7EC-889BCD3BB2DF}.Release|x64.Build.0 = Release|Any CPU
		{73F36C2A-BE43-4DCF-B7EC-889BCD3BB2DF}.Release|x86.ActiveCfg = Release|Any CPU
		{73F36C2A-BE43-4DCF-B7EC-889BCD3BB2DF}.Release|x86.Build.0 = Release|Any CPU
		{B75C30FE-0F65-4A7F-964F-8A2107B8E004}.Debug|Any CPU.ActiveCfg = Debug|Any CPU
		{B75C30FE-0F65-4A7F-964F-8A2107B8E004}.Debug|Any CPU.Build.0 = Debug|Any CPU
		{B75C30FE-0F65-4A7F-964F-8A2107B8E004}.Debug|ARM.ActiveCfg = Debug|Any CPU
		{B75C30FE-0F65-4A7F-964F-8A2107B8E004}.Debug|ARM.Build.0 = Debug|Any CPU
		{B75C30FE-0F65-4A7F-964F-8A2107B8E004}.Debug|x64.ActiveCfg = Debug|Any CPU
		{B75C30FE-0F65-4A7F-964F-8A2107B8E004}.Debug|x64.Build.0 = Debug|Any CPU
		{B75C30FE-0F65-4A7F-964F-8A2107B8E004}.Debug|x86.ActiveCfg = Debug|Any CPU
		{B75C30FE-0F65-4A7F-964F-8A2107B8E004}.Debug|x86.Build.0 = Debug|Any CPU
		{B75C30FE-0F65-4A7F-964F-8A2107B8E004}.Release|Any CPU.ActiveCfg = Release|Any CPU
		{B75C30FE-0F65-4A7F-964F-8A2107B8E004}.Release|Any CPU.Build.0 = Release|Any CPU
		{B75C30FE-0F65-4A7F-964F-8A2107B8E004}.Release|ARM.ActiveCfg = Release|Any CPU
		{B75C30FE-0F65-4A7F-964F-8A2107B8E004}.Release|ARM.Build.0 = Release|Any CPU
		{B75C30FE-0F65-4A7F-964F-8A2107B8E004}.Release|x64.ActiveCfg = Release|Any CPU
		{B75C30FE-0F65-4A7F-964F-8A2107B8E004}.Release|x64.Build.0 = Release|Any CPU
		{B75C30FE-0F65-4A7F-964F-8A2107B8E004}.Release|x86.ActiveCfg = Release|Any CPU
		{B75C30FE-0F65-4A7F-964F-8A2107B8E004}.Release|x86.Build.0 = Release|Any CPU
	EndGlobalSection
	GlobalSection(SolutionProperties) = preSolution
		HideSolutionNode = FALSE
	EndGlobalSection
	GlobalSection(NestedProjects) = preSolution
		{73F36C2A-BE43-4DCF-B7EC-889BCD3BB2DF} = {9DCCA652-DFC5-4079-97A4-96E259E21CF3}
	EndGlobalSection
	GlobalSection(ExtensibilityGlobals) = postSolution
		SolutionGuid = {2DBBC8CD-6CC6-4E09-BC1E-5381F004C625}
	EndGlobalSection
EndGlobal
